github.com/djmitche/shquote v0.0.0-20151208190417-c04fd6eb8242 h1:wMSVZgHtcxgx5iwOCtV+VTaQUJAWfaiQC6V/KKkNzug=
github.com/djmitche/shquote v0.0.0-20151208190417-c04fd6eb8242/go.mod h1:NUXj5Gjm8JXgwMDqJW9q3L4j+8+R/3aM3W/WZjmHmyI=
github.com/kardianos/osext v0.0.0-20190222173326-2bc1f35cddc0 h1:iQTw/8FWTuc7uiaSepXwyf3o52HaUYcV+Tu66S3F5GA=
github.com/kardianos/osext v0.0.0-20190222173326-2bc1f35cddc0/go.mod h1:1NbS8ALrpOvjt0rHPNLyCIeMtbizbir8U//inJ+zuB8=
github.com/orivej/e v1.0.0 h1:OyEBMhLfN7hl5EtDNgS6TK7cd86k+IT0S4Ki9jhj9/s=
github.com/orivej/e v1.0.0/go.mod h1:eOxOguJBxQH6q/o7CZvmR+fh5v1LHH1sfohtgISSSFA=
golang.org/x/net v0.32.0 h1:ZqPmj8Kzc+Y6e0+skZsuACbx+wzMgo5MQsJh9Qd6aYI=
golang.org/x/net v0.32.0/go.mod h1:CwU0IoeOlnQQWJ6ioyFrfRuomB8GKF6KbYXZVyeXNfs=
golang.org/x/sys v0.28.0 h1:Fksou7UEQUWlKvIdsqzJmUmCX3cZuD2+P3XyyzwMhlA=
golang.org/x/sys v0.28.0/go.mod h1:/VUhepiaJMQUp4+oa/7Zr1D23ma6VTLIYjOOTFZPUcA=
golang.org/x/text v0.21.0 h1:zyQAAkrwaneQ066sspRyJaG9VNi/YJ1NfzcGB3hZ/qo=
golang.org/x/text v0.21.0/go.mod h1:4IBbMaMmOPCJ8SecivzSH54+73PCFmPWxNTLm+vZkEQ=
